%{
  "bunt": {:hex, :bunt, "0.2.1", "e2d4792f7bc0ced7583ab54922808919518d0e57ee162901a16a1b6664ef3b14", [:mix], [], "hexpm", "a330bfb4245239787b15005e66ae6845c9cd524a288f0d141c148b02603777a5"},
  "credo": {:hex, :credo, "1.6.7", "323f5734350fd23a456f2688b9430e7d517afb313fbd38671b8a4449798a7854", [:mix], [{:bunt, "~> 0.2.1", [hex: :bunt, repo: "hexpm", optional: false]}, {:file_system, "~> 0.2.8", [hex: :file_system, repo: "hexpm", optional: false]}, {:jason, "~> 1.0", [hex: :jason, repo: "hexpm", optional: false]}], "hexpm", "41e110bfb007f7eda7f897c10bf019ceab9a0b269ce79f015d54b0dcf4fc7dd3"},
  "dialyxir": {:hex, :dialyxir, "1.2.0", "58344b3e87c2e7095304c81a9ae65cb68b613e28340690dfe1a5597fd08dec37", [:mix], [{:erlex, ">= 0.2.6", [hex: :erlex, repo: "hexpm", optional: false]}], "hexpm", "61072136427a851674cab81762be4dbeae7679f85b1272b6d25c3a839aff8463"},
  "earmark_parser": {:hex, :earmark_parser, "1.4.28", "0bf6546eb7cd6185ae086cbc5d20cd6dbb4b428aad14c02c49f7b554484b4586", [:mix], [], "hexpm", "501cef12286a3231dc80c81352a9453decf9586977f917a96e619293132743fb"},
  "erlex": {:hex, :erlex, "0.2.6", "c7987d15e899c7a2f34f5420d2a2ea0d659682c06ac607572df55a43753aa12e", [:mix], [], "hexpm", "2ed2e25711feb44d52b17d2780eabf998452f6efda104877a3881c2f8c0c0c75"},
  "ex_doc": {:hex, :ex_doc, "0.28.6", "2bbd7a143d3014fc26de9056793e97600ae8978af2ced82c2575f130b7c0d7d7", [:mix], [{:earmark_parser, "~> 1.4.19", [hex: :earmark_parser, repo: "hexpm", optional: false]}, {:makeup_elixir, "~> 0.14", [hex: :makeup_elixir, repo: "hexpm", optional: false]}, {:makeup_erlang, "~> 0.1", [hex: :makeup_erlang, repo: "hexpm", optional: false]}], "hexpm", "bca1441614654710ba37a0e173079273d619f9160cbcc8cd04e6bd59f1ad0e29"},
  "file_system": {:hex, :file_system, "0.2.10", "fb082005a9cd1711c05b5248710f8826b02d7d1784e7c3451f9c1231d4fc162d", [:mix], [], "hexpm", "41195edbfb562a593726eda3b3e8b103a309b733ad25f3d642ba49696bf715dc"},
  "gradient": {:git, "https://github.com/esl/gradient.git", "558df26ff30593df26e6104fbcd1785785ea8791", []},
  "gradualizer": {:git, "https://github.com/josefs/Gradualizer.git", "ba5481cf1c208a0c29d15e5ab241b5af58dde28d", [ref: "ba5481c"]},
  "jason": {:hex, :jason, "1.4.0", "e855647bc964a44e2f67df589ccf49105ae039d4179db7f6271dfd3843dc27e6", [:mix], [{:decimal, "~> 1.0 or ~> 2.0", [hex: :decimal, repo: "hexpm", optional: true]}], "hexpm", "79a3791085b2a0f743ca04cec0f7be26443738779d09302e01318f97bdb82121"},
  "libgraph": {:hex, :libgraph, "0.16.0", "3936f3eca6ef826e08880230f806bfea13193e49bf153f93edcf0239d4fd1d07", [:mix], [], "hexpm", "41ca92240e8a4138c30a7e06466acc709b0cbb795c643e9e17174a178982d6bf"},
  "makeup": {:hex, :makeup, "1.1.0", "6b67c8bc2882a6b6a445859952a602afc1a41c2e08379ca057c0f525366fc3ca", [:mix], [{:nimble_parsec, "~> 1.2.2 or ~> 1.3", [hex: :nimble_parsec, repo: "hexpm", optional: false]}], "hexpm", "0a45ed501f4a8897f580eabf99a2e5234ea3e75a4373c8a52824f6e873be57a6"},
  "makeup_elixir": {:hex, :makeup_elixir, "0.16.0", "f8c570a0d33f8039513fbccaf7108c5d750f47d8defd44088371191b76492b0b", [:mix], [{:makeup, "~> 1.0", [hex: :makeup, repo: "hexpm", optional: false]}, {:nimble_parsec, "~> 1.2.3", [hex: :nimble_parsec, repo: "hexpm", optional: false]}], "hexpm", "28b2cbdc13960a46ae9a8858c4bebdec3c9a6d7b4b9e7f4ed1502f8159f338e7"},
  "makeup_erlang": {:hex, :makeup_erlang, "0.1.1", "3fcb7f09eb9d98dc4d208f49cc955a34218fc41ff6b84df7c75b3e6e533cc65f", [:mix], [{:makeup, "~> 1.0", [hex: :makeup, repo: "hexpm", optional: false]}], "hexpm", "174d0809e98a4ef0b3309256cbf97101c6ec01c4ab0b23e926a9e17df2077cbb"},
  "mix_tester": {:hex, :mix_tester, "1.0.0", "c49a7f026adb2c65f4f8598b60a9b17db04e62dddc8cba47b99fe611b321f672", [:mix], [{:sourceror, "~> 0.12", [hex: :sourceror, repo: "hexpm", optional: false]}], "hexpm", "3cf1850b0009ccde1cac3663a51b06946504baa90c6f27c7889654bfa6ee9058"},
  "mix_unused": {:hex, :mix_unused, "0.4.0", "f409e1261fa70927b3155b91fd3ed958f0fb1278560bf98ec186bd6d474aa2e5", [:mix], [{:libgraph, ">= 0.0.0", [hex: :libgraph, repo: "hexpm", optional: false]}], "hexpm", "082f6b342d28a1760ad309c7c0483f747d1576a82a4b7d8205d07196ff533b30"},
  "nimble_parsec": {:hex, :nimble_parsec, "1.2.3", "244836e6e3f1200c7f30cb56733fd808744eca61fd182f731eac4af635cc6d0b", [:mix], [], "hexpm", "c8d789e39b9131acf7b99291e93dae60ab48ef14a7ee9d58c6964f59efb570b0"},
  "pbkdf2_key_derivation": {:hex, :pbkdf2_key_derivation, "2.0.0", "23e47e8f30ac37176b2f3ac8224032ab36c7e5124fe9d2d0417690df1154c77a", [:mix], [], "hexpm", "8b2597ec9c0e2d537f0e02237641b441aa95b3bca74097d59fe0de7c1c823925"},
  "sourceror": {:hex, :sourceror, "0.12.3", "a2ad3a1a4554b486d8a113ae7adad5646f938cad99bf8bfcef26dc0c88e8fade", [:mix], [], "hexpm", "4d4e78010ca046524e8194ffc4683422f34a96f6b82901abbb45acc79ace0316"},
}
